
Microsoft Visual Studio Solution File, Format Version 12.00
# Visual Studio 2013
VisualStudioVersion = 12.0.40629.0
MinimumVisualStudioVersion = 10.0.40219.1
Project("{FAE04EC0-301F-11D3-BF4B-00C04F79EFBC}") = "MainForm", "MainForm\MainForm.csproj", "{94922041-3BD1-47D4-A49E-759F48FDEF87}"
	ProjectSection(ProjectDependencies) = postProject
		{63733AD5-719A-416C-B60E-F068E7AE1029} = {63733AD5-719A-416C-B60E-F068E7AE1029}
	EndProjectSection
EndProject
Project("{FAE04EC0-301F-11D3-BF4B-00C04F79EFBC}") = "DataModal", "DataModal\DataModal.csproj", "{63733AD5-719A-416C-B60E-F068E7AE1029}"
EndProject
Global
	GlobalSection(SolutionConfigurationPlatforms) = preSolution
		Debug|Any CPU = Debug|Any CPU
		Release|Any CPU = Release|Any CPU
	EndGlobalSection
	GlobalSection(ProjectConfigurationPlatforms) = postSolution
		{94922041-3BD1-47D4-A49E-759F48FDEF87}.Debug|Any CPU.ActiveCfg = Debug|Any CPU
		{94922041-3BD1-47D4-A49E-759F48FDEF87}.Debug|Any CPU.Build.0 = Debug|Any CPU
		{94922041-3BD1-47D4-A49E-759F48FDEF87}.Release|Any CPU.ActiveCfg = Release|Any CPU
		{94922041-3BD1-47D4-A49E-759F48FDEF87}.Release|Any CPU.Build.0 = Release|Any CPU
		{63733AD5-719A-416C-B60E-F068E7AE1029}.Debug|Any CPU.ActiveCfg = Debug|Any CPU
		{63733AD5-719A-416C-B60E-F068E7AE1029}.Debug|Any CPU.Build.0 = Debug|Any CPU
		{63733AD5-719A-416C-B60E-F068E7AE1029}.Release|Any CPU.ActiveCfg = Release|Any CPU
		{63733AD5-719A-416C-B60E-F068E7AE1029}.Release|Any CPU.Build.0 = Release|Any CPU
	EndGlobalSection
	GlobalSection(SolutionProperties) = preSolution
		HideSolutionNode = FALSE
	EndGlobalSection
	GlobalSection(ExtensibilityGlobals) = postSolution
		SolutionGuid = {D84CFE2B-1326-4DD1-9EA0-2983D42FF9F5}
	EndGlobalSection
EndGlobal
